
Microsoft Visual Studio Solution File, Format Version 12.00
# Visual Studio 15
VisualStudioVersion = 15.0.26730.12
MinimumVisualStudioVersion = 10.0.40219.1
Project("{FAE04EC0-301F-11D3-BF4B-00C04F79EFBC}") = "software-reeingneering-clustering", "software-reeingneering-clustering.csproj", "{27EF1BC0-D882-4A67-AEBE-503C13E3DD52}"
EndProject
Global
	GlobalSection(SolutionConfigurationPlatforms) = preSolution
		Debug|Any CPU = Debug|Any CPU
		Release|Any CPU = Release|Any CPU
	EndGlobalSection
	GlobalSection(ProjectConfigurationPlatforms) = postSolution
		{27EF1BC0-D882-4A67-AEBE-503C13E3DD52}.Debug|Any CPU.ActiveCfg = Debug|Any CPU
		{27EF1BC0-D882-4A67-AEBE-503C13E3DD52}.Debug|Any CPU.Build.0 = Debug|Any CPU
		{27EF1BC0-D882-4A67-AEBE-503C13E3DD52}.Release|Any CPU.ActiveCfg = Release|Any CPU
		{27EF1BC0-D882-4A67-AEBE-503C13E3DD52}.Release|Any CPU.Build.0 = Release|Any CPU
	EndGlobalSection
	GlobalSection(SolutionProperties) = preSolution
		HideSolutionNode = FALSE
	EndGlobalSection
	GlobalSection(ExtensibilityGlobals) = postSolution
		SolutionGuid = {75F5E581-F2DC-45B8-9AB6-66A35E1D132C}
	EndGlobalSection
EndGlobal
